
Microsoft Visual Studio Solution File, Format Version 12.00
# Visual Studio 15
Project("{FAE04EC0-301F-11D3-BF4B-00C04F79EFBC}") = "Assembly-CSharp", "Assembly-CSharp.csproj", "{646CC3A9-0786-AF46-0F22-3D906F34B1F8}"
EndProject
Project("{FAE04EC0-301F-11D3-BF4B-00C04F79EFBC}") = "Assembly-CSharp-Editor-firstpass", "Assembly-CSharp-Editor-firstpass.csproj", "{FD1953A2-DCBD-D7BC-95F4-33D0D785F703}"
EndProject
Global
	GlobalSection(SolutionConfigurationPlatforms) = preSolution
		Debug|Any CPU = Debug|Any CPU
		Release|Any CPU = Release|Any CPU
	EndGlobalSection
	GlobalSection(ProjectConfigurationPlatforms) = postSolution
		{646CC3A9-0786-AF46-0F22-3D906F34B1F8}.Debug|Any CPU.ActiveCfg = Debug|Any CPU
		{646CC3A9-0786-AF46-0F22-3D906F34B1F8}.Debug|Any CPU.Build.0 = Debug|Any CPU
		{646CC3A9-0786-AF46-0F22-3D906F34B1F8}.Release|Any CPU.ActiveCfg = Release|Any CPU
		{646CC3A9-0786-AF46-0F22-3D906F34B1F8}.Release|Any CPU.Build.0 = Release|Any CPU
		{FD1953A2-DCBD-D7BC-95F4-33D0D785F703}.Debug|Any CPU.ActiveCfg = Debug|Any CPU
		{FD1953A2-DCBD-D7BC-95F4-33D0D785F703}.Debug|Any CPU.Build.0 = Debug|Any CPU
		{FD1953A2-DCBD-D7BC-95F4-33D0D785F703}.Release|Any CPU.ActiveCfg = Release|Any CPU
		{FD1953A2-DCBD-D7BC-95F4-33D0D785F703}.Release|Any CPU.Build.0 = Release|Any CPU
	EndGlobalSection
	GlobalSection(SolutionProperties) = preSolution
		HideSolutionNode = FALSE
	EndGlobalSection
EndGlobal
